{
    "_readme": [
        "This file locks the dependencies of your project to a known state",
        "Read more about it at https://getcomposer.org/doc/01-basic-usage.md#composer-lock-the-lock-file",
        "This file is @generated automatically"
    ],
    "content-hash": "7ea1376c8fc87a6e7ed8bd7acc561a18",
    "packages": [
        {
            "name": "mongodb/mongodb",
            "version": "1.4.2",
            "source": {
                "type": "git",
                "url": "https://github.com/mongodb/mongo-php-library.git",
                "reference": "bd148eab0493e38354e45e2cd7db59b90fdcad79"
            },
            "dist": {
                "type": "zip",
                "url": "https://api.github.com/repos/mongodb/mongo-php-library/zipball/bd148eab0493e38354e45e2cd7db59b90fdcad79",
                "reference": "bd148eab0493e38354e45e2cd7db59b90fdcad79",
                "shasum": ""
            },
            "require": {
                "ext-hash": "*",
                "ext-json": "*",
                "ext-mongodb": "^1.5.0",
                "php": ">=5.5"
            },
            "require-dev": {
                "phpunit/phpunit": "^4.8.36 || ^6.4"
            },
            "type": "library",
            "extra": {
                "branch-alias": {
                    "dev-master": "1.4.x-dev"
                }
            },
            "autoload": {
                "psr-4": {
                    "MongoDB\\": "src/"
                },
                "files": [
                    "src/functions.php"
                ]
            },
            "notification-url": "https://packagist.org/downloads/",
            "license": [
                "Apache-2.0"
            ],
            "authors": [
                {
                    "name": "Jeremy Mikola",
                    "email": "jmikola@gmail.com"
                },
                {
                    "name": "Derick Rethans",
                    "email": "github@derickrethans.nl"
                },
                {
                    "name": "Katherine Walker",
                    "email": "katherine.walker@mongodb.com"
                }
            ],
            "description": "MongoDB driver library",
            "homepage": "https://jira.mongodb.org/browse/PHPLIB",
            "keywords": [
                "database",
                "driver",
                "mongodb",
                "persistence"
            ],
            "time": "2018-07-18T14:33:41+00:00"
        },
        {
            "name": "stripe/stripe-php",
            "version": "v5.9.2",
            "source": {
                "type": "git",
                "url": "https://github.com/stripe/stripe-php.git",
                "reference": "026191d12241a76c957884dff75e4f3721b0e77f"
            },
            "dist": {
                "type": "zip",
                "url": "https://api.github.com/repos/stripe/stripe-php/zipball/026191d12241a76c957884dff75e4f3721b0e77f",
                "reference": "026191d12241a76c957884dff75e4f3721b0e77f",
                "shasum": ""
            },
            "require": {
                "ext-curl": "*",
                "ext-json": "*",
                "ext-mbstring": "*",
                "php": ">=5.3.3"
            },
            "require-dev": {
                "phpunit/phpunit": "~4.0",
                "satooshi/php-coveralls": "~0.6.1",
                "squizlabs/php_codesniffer": "~2.0"
            },
            "type": "library",
            "extra": {
                "branch-alias": {
                    "dev-master": "2.0-dev"
                }
            },
            "autoload": {
                "psr-4": {
                    "Stripe\\": "lib/"
                }
            },
            "notification-url": "https://packagist.org/downloads/",
            "license": [
                "MIT"
            ],
            "authors": [
                {
                    "name": "Stripe and contributors",
                    "homepage": "https://github.com/stripe/stripe-php/contributors"
                }
            ],
            "description": "Stripe PHP Library",
            "homepage": "https://stripe.com/",
            "keywords": [
                "api",
                "payment processing",
                "stripe"
            ],
            "time": "2018-02-07T18:36:55+00:00"
        },
        {
            "name": "yosmy/owner-log",
            "version": "dev-master",
            "source": {
                "type": "git",
                "url": "git@github.com:yosmy/owner-log.git",
                "reference": "09edc19ccf7d0dfcdc38d93361c7f44e0ae5e756"
            },
            "dist": {
                "type": "zip",
                "url": "https://api.github.com/repos/yosmy/owner-log/zipball/09edc19ccf7d0dfcdc38d93361c7f44e0ae5e756",
                "reference": "09edc19ccf7d0dfcdc38d93361c7f44e0ae5e756",
                "shasum": ""
            },
            "require": {
                "ext-json": "*",
                "ext-mongodb": "*",
                "mongodb/mongodb": "~1",
                "php": ">=7.2",
                "yosmy/ownership": "@dev"
            },
            "type": "library",
            "autoload": {
                "psr-4": {
                    "Yosmy\\Owner\\Log\\": [
                        "src"
                    ]
                }
            },
            "license": [
                "MIT"
            ],
            "authors": [
                {
                    "name": "Yosmany Garcia",
                    "email": "yosmanyga@gmail.com"
                }
            ],
            "time": "2018-09-29T05:36:00+00:00"
        },
        {
            "name": "yosmy/owner-stripe",
            "version": "dev-master",
            "source": {
                "type": "git",
                "url": "git@github.com:yosmy/owner-stripe.git",
                "reference": "8d8fbc2257c06297e3cf99d20bb0e2d73af5b4dd"
            },
            "dist": {
                "type": "zip",
                "url": "https://api.github.com/repos/yosmy/owner-stripe/zipball/8d8fbc2257c06297e3cf99d20bb0e2d73af5b4dd",
                "reference": "8d8fbc2257c06297e3cf99d20bb0e2d73af5b4dd",
                "shasum": ""
            },
            "require": {
                "ext-json": "*",
                "ext-mongodb": "*",
                "mongodb/mongodb": "~1",
                "php": ">=7.2",
                "yosmy/ownership": "@dev"
            },
            "type": "library",
            "autoload": {
                "psr-4": {
                    "Yosmy\\Owner\\Stripe\\": [
                        "src"
                    ]
                }
            },
            "license": [
                "MIT"
            ],
            "authors": [
                {
                    "name": "Yosmany Garcia",
                    "email": "yosmanyga@gmail.com"
                }
            ],
            "time": "2018-09-29T05:13:39+00:00"
        },
        {
            "name": "yosmy/ownership",
            "version": "dev-master",
            "source": {
                "type": "git",
                "url": "git@github.com:yosmy/ownership.git",
                "reference": "cfe8fd24e088bed5eac336ba12626f7337a8daa6"
            },
            "dist": {
                "type": "zip",
                "url": "https://api.github.com/repos/yosmy/ownership/zipball/cfe8fd24e088bed5eac336ba12626f7337a8daa6",
                "reference": "cfe8fd24e088bed5eac336ba12626f7337a8daa6",
                "shasum": ""
            },
            "require": {
                "php": ">=7.1"
            },
            "type": "library",
            "autoload": {
                "psr-4": {
                    "Yosmy\\": [
                        "src"
                    ]
                }
            },
            "time": "2018-08-12T22:44:56+00:00"
        },
        {
            "name": "yosmy/stripe",
            "version": "dev-master",
            "source": {
                "type": "git",
                "url": "git@github.com:yosmy/stripe.git",
                "reference": "3666623506a9491721c2e5019743059fcf76600e"
            },
            "dist": {
                "type": "zip",
                "url": "https://api.github.com/repos/yosmy/stripe/zipball/3666623506a9491721c2e5019743059fcf76600e",
                "reference": "3666623506a9491721c2e5019743059fcf76600e",
                "shasum": ""
            },
            "require": {
                "ext-json": "*",
                "ext-mongodb": "*",
                "mongodb/mongodb": "~1",
                "php": ">=7.2",
                "stripe/stripe-php": "^5.6",
                "yosmy/ownership": "@dev"
            },
            "type": "library",
            "autoload": {
                "psr-4": {
                    "Yosmy\\Stripe\\": [
                        "src\\card",
                        "src\\charge",
                        "src\\core",
                        "src\\customer"
                    ]
                }
            },
            "time": "2018-09-29T03:01:56+00:00"
        }
    ],
    "packages-dev": [],
    "aliases": [],
    "minimum-stability": "dev",
    "stability-flags": {
        "yosmy/stripe": 20,
        "yosmy/owner-stripe": 20,
        "yosmy/owner-log": 20
    },
    "prefer-stable": true,
    "prefer-lowest": false,
    "platform": {
        "php": ">=7.2"
    },
    "platform-dev": []
}
